
Microsoft Visual Studio Solution File, Format Version 12.00
# Visual Studio 15
VisualStudioVersion = 15.0.26730.12
MinimumVisualStudioVersion = 10.0.40219.1
Project("{FAE04EC0-301F-11D3-BF4B-00C04F79EFBC}") = "ClAsmTool", "ClAsmTool\ClAsmTool.csproj", "{FF583662-8E36-4CC8-96C7-802E95832AC3}"
EndProject
Global
	GlobalSection(SolutionConfigurationPlatforms) = preSolution
		Debug|Any CPU = Debug|Any CPU
		Release|Any CPU = Release|Any CPU
	EndGlobalSection
	GlobalSection(ProjectConfigurationPlatforms) = postSolution
		{FF583662-8E36-4CC8-96C7-802E95832AC3}.Debug|Any CPU.ActiveCfg = Debug|Any CPU
		{FF583662-8E36-4CC8-96C7-802E95832AC3}.Debug|Any CPU.Build.0 = Debug|Any CPU
		{FF583662-8E36-4CC8-96C7-802E95832AC3}.Release|Any CPU.ActiveCfg = Release|Any CPU
		{FF583662-8E36-4CC8-96C7-802E95832AC3}.Release|Any CPU.Build.0 = Release|Any CPU
	EndGlobalSection
	GlobalSection(SolutionProperties) = preSolution
		HideSolutionNode = FALSE
	EndGlobalSection
	GlobalSection(ExtensibilityGlobals) = postSolution
		SolutionGuid = {B2452209-C020-4A2E-AB31-CA261680D851}
	EndGlobalSection
EndGlobal
